
Microsoft Visual Studio Solution File, Format Version 12.00
# Visual Studio 15
VisualStudioVersion = 15.0.28010.2036
MinimumVisualStudioVersion = 10.0.40219.1
Project("{FAE04EC0-301F-11D3-BF4B-00C04F79EFBC}") = "15", "15\15.csproj", "{A54CBF23-C955-4BC9-A226-05DF33A41E64}"
EndProject
Global
	GlobalSection(SolutionConfigurationPlatforms) = preSolution
		Debug|Any CPU = Debug|Any CPU
		Release|Any CPU = Release|Any CPU
	EndGlobalSection
	GlobalSection(ProjectConfigurationPlatforms) = postSolution
		{A54CBF23-C955-4BC9-A226-05DF33A41E64}.Debug|Any CPU.ActiveCfg = Debug|Any CPU
		{A54CBF23-C955-4BC9-A226-05DF33A41E64}.Debug|Any CPU.Build.0 = Debug|Any CPU
		{A54CBF23-C955-4BC9-A226-05DF33A41E64}.Release|Any CPU.ActiveCfg = Release|Any CPU
		{A54CBF23-C955-4BC9-A226-05DF33A41E64}.Release|Any CPU.Build.0 = Release|Any CPU
	EndGlobalSection
	GlobalSection(SolutionProperties) = preSolution
		HideSolutionNode = FALSE
	EndGlobalSection
	GlobalSection(ExtensibilityGlobals) = postSolution
		SolutionGuid = {2D29D891-13CB-4126-AE9D-D1F999DD42C9}
	EndGlobalSection
EndGlobal
